
Microsoft Visual Studio Solution File, Format Version 12.00
# Visual Studio Version 16
VisualStudioVersion = 16.0.31205.134
MinimumVisualStudioVersion = 10.0.40219.1
Project("{FAE04EC0-301F-11D3-BF4B-00C04F79EFBC}") = "ConsoleApp1", "ConsoleApp1\ConsoleApp1.csproj", "{7E37FF1E-201A-4586-8D39-248817F2B3B7}"
EndProject
Global
	GlobalSection(SolutionConfigurationPlatforms) = preSolution
		Debug|Any CPU = Debug|Any CPU
		Release|Any CPU = Release|Any CPU
	EndGlobalSection
	GlobalSection(ProjectConfigurationPlatforms) = postSolution
		{7E37FF1E-201A-4586-8D39-248817F2B3B7}.Debug|Any CPU.ActiveCfg = Debug|Any CPU
		{7E37FF1E-201A-4586-8D39-248817F2B3B7}.Debug|Any CPU.Build.0 = Debug|Any CPU
		{7E37FF1E-201A-4586-8D39-248817F2B3B7}.Release|Any CPU.ActiveCfg = Release|Any CPU
		{7E37FF1E-201A-4586-8D39-248817F2B3B7}.Release|Any CPU.Build.0 = Release|Any CPU
	EndGlobalSection
	GlobalSection(SolutionProperties) = preSolution
		HideSolutionNode = FALSE
	EndGlobalSection
	GlobalSection(ExtensibilityGlobals) = postSolution
		SolutionGuid = {7ABAC366-AF89-4D28-8B1A-3159D8C2F038}
	EndGlobalSection
EndGlobal
