
Microsoft Visual Studio Solution File, Format Version 12.00
# Visual Studio Version 16
VisualStudioVersion = 16.0.31205.134
MinimumVisualStudioVersion = 10.0.40219.1
Project("{9A19103F-16F7-4668-BE54-9A1E7A4F7556}") = "Client", "Client\Client.csproj", "{5C05EAE2-F3D0-4163-B7FE-B9D39C63A218}"
EndProject
Project("{9A19103F-16F7-4668-BE54-9A1E7A4F7556}") = "Models", "Models\Models.csproj", "{07B50935-EE65-4142-8F93-CBA3D99F5DA1}"
EndProject
Project("{9A19103F-16F7-4668-BE54-9A1E7A4F7556}") = "Repositories", "Repositories\Repositories.csproj", "{F9C2E526-4812-4F20-AB23-69C8E711C295}"
EndProject
Project("{FAE04EC0-301F-11D3-BF4B-00C04F79EFBC}") = "API", "Api\API.csproj", "{96157B49-3977-4BA1-84BB-C1F38FB15448}"
EndProject
Project("{FAE04EC0-301F-11D3-BF4B-00C04F79EFBC}") = "CMS", "CMS\CMS.csproj", "{9EB340A5-BE2A-4302-975A-59E8649FEB1A}"
EndProject
Global
	GlobalSection(SolutionConfigurationPlatforms) = preSolution
		Debug|Any CPU = Debug|Any CPU
		Release|Any CPU = Release|Any CPU
	EndGlobalSection
	GlobalSection(ProjectConfigurationPlatforms) = postSolution
		{5C05EAE2-F3D0-4163-B7FE-B9D39C63A218}.Debug|Any CPU.ActiveCfg = Debug|Any CPU
		{5C05EAE2-F3D0-4163-B7FE-B9D39C63A218}.Debug|Any CPU.Build.0 = Debug|Any CPU
		{5C05EAE2-F3D0-4163-B7FE-B9D39C63A218}.Release|Any CPU.ActiveCfg = Release|Any CPU
		{5C05EAE2-F3D0-4163-B7FE-B9D39C63A218}.Release|Any CPU.Build.0 = Release|Any CPU
		{07B50935-EE65-4142-8F93-CBA3D99F5DA1}.Debug|Any CPU.ActiveCfg = Debug|Any CPU
		{07B50935-EE65-4142-8F93-CBA3D99F5DA1}.Debug|Any CPU.Build.0 = Debug|Any CPU
		{07B50935-EE65-4142-8F93-CBA3D99F5DA1}.Release|Any CPU.ActiveCfg = Release|Any CPU
		{07B50935-EE65-4142-8F93-CBA3D99F5DA1}.Release|Any CPU.Build.0 = Release|Any CPU
		{F9C2E526-4812-4F20-AB23-69C8E711C295}.Debug|Any CPU.ActiveCfg = Debug|Any CPU
		{F9C2E526-4812-4F20-AB23-69C8E711C295}.Debug|Any CPU.Build.0 = Debug|Any CPU
		{F9C2E526-4812-4F20-AB23-69C8E711C295}.Release|Any CPU.ActiveCfg = Release|Any CPU
		{F9C2E526-4812-4F20-AB23-69C8E711C295}.Release|Any CPU.Build.0 = Release|Any CPU
		{96157B49-3977-4BA1-84BB-C1F38FB15448}.Debug|Any CPU.ActiveCfg = Debug|Any CPU
		{96157B49-3977-4BA1-84BB-C1F38FB15448}.Debug|Any CPU.Build.0 = Debug|Any CPU
		{96157B49-3977-4BA1-84BB-C1F38FB15448}.Release|Any CPU.ActiveCfg = Release|Any CPU
		{96157B49-3977-4BA1-84BB-C1F38FB15448}.Release|Any CPU.Build.0 = Release|Any CPU
		{9EB340A5-BE2A-4302-975A-59E8649FEB1A}.Debug|Any CPU.ActiveCfg = Debug|Any CPU
		{9EB340A5-BE2A-4302-975A-59E8649FEB1A}.Debug|Any CPU.Build.0 = Debug|Any CPU
		{9EB340A5-BE2A-4302-975A-59E8649FEB1A}.Release|Any CPU.ActiveCfg = Release|Any CPU
		{9EB340A5-BE2A-4302-975A-59E8649FEB1A}.Release|Any CPU.Build.0 = Release|Any CPU
	EndGlobalSection
	GlobalSection(SolutionProperties) = preSolution
		HideSolutionNode = FALSE
	EndGlobalSection
	GlobalSection(ExtensibilityGlobals) = postSolution
		SolutionGuid = {7ABAC366-AF89-4D28-8B1A-3159D8C2F038}
	EndGlobalSection
EndGlobal
